
Microsoft Visual Studio Solution File, Format Version 12.00
# Visual Studio 14
VisualStudioVersion = 14.0.25420.1
MinimumVisualStudioVersion = 10.0.40219.1
Project("{FAE04EC0-301F-11D3-BF4B-00C04F79EFBC}") = "CasaOficiosWeb", "CasaOficiosWeb\CasaOficiosWeb.csproj", "{92226541-5190-4CEE-BBF6-1B8ED4B86128}"
EndProject
Project("{2150E333-8FDC-42A3-9474-1A3956D46DE8}") = "DataAccess", "DataAccess", "{493B633E-3036-4A2A-9673-063B83F47BE7}"
EndProject
Project("{2150E333-8FDC-42A3-9474-1A3956D46DE8}") = "BusinessLogic", "BusinessLogic", "{EDE5B9D9-31B6-4192-A9D7-F0C48EEEBAE7}"
EndProject
Project("{FAE04EC0-301F-11D3-BF4B-00C04F79EFBC}") = "CasaOficios.Entities", "CasaOficios.Entities\CasaOficios.Entities.csproj", "{C11AA6B4-E4FA-47E5-95DB-016A09BEFF20}"
EndProject
Project("{FAE04EC0-301F-11D3-BF4B-00C04F79EFBC}") = "CasaOficios.BusinessLogic", "CasaOficios.BusinessLogic\CasaOficios.BusinessLogic.csproj", "{58CC422F-AB6C-4E40-B30E-7F22D6216466}"
EndProject
Project("{FAE04EC0-301F-11D3-BF4B-00C04F79EFBC}") = "C.User.Code", "C.User.Code\C.User.Code.csproj", "{4335A713-BDEA-44C4-800A-2D2B18E1C40F}"
EndProject
Project("{FAE04EC0-301F-11D3-BF4B-00C04F79EFBC}") = "C.Data.Global", "C.Data.Global\C.Data.Global.csproj", "{65761765-86F6-4B49-8DC6-2BD94DCEDCB5}"
EndProject
Project("{FAE04EC0-301F-11D3-BF4B-00C04F79EFBC}") = "CasaOficios.DataAccess", "CasaOficios.DataAccess\CasaOficios.DataAccess.csproj", "{B4E92DE8-6C42-4295-8D5F-205211AB4AF3}"
EndProject
Global
	GlobalSection(SolutionConfigurationPlatforms) = preSolution
		Debug|Any CPU = Debug|Any CPU
		Release|Any CPU = Release|Any CPU
	EndGlobalSection
	GlobalSection(ProjectConfigurationPlatforms) = postSolution
		{92226541-5190-4CEE-BBF6-1B8ED4B86128}.Debug|Any CPU.ActiveCfg = Debug|Any CPU
		{92226541-5190-4CEE-BBF6-1B8ED4B86128}.Debug|Any CPU.Build.0 = Debug|Any CPU
		{92226541-5190-4CEE-BBF6-1B8ED4B86128}.Release|Any CPU.ActiveCfg = Release|Any CPU
		{92226541-5190-4CEE-BBF6-1B8ED4B86128}.Release|Any CPU.Build.0 = Release|Any CPU
		{C11AA6B4-E4FA-47E5-95DB-016A09BEFF20}.Debug|Any CPU.ActiveCfg = Debug|Any CPU
		{C11AA6B4-E4FA-47E5-95DB-016A09BEFF20}.Debug|Any CPU.Build.0 = Debug|Any CPU
		{C11AA6B4-E4FA-47E5-95DB-016A09BEFF20}.Release|Any CPU.ActiveCfg = Release|Any CPU
		{C11AA6B4-E4FA-47E5-95DB-016A09BEFF20}.Release|Any CPU.Build.0 = Release|Any CPU
		{58CC422F-AB6C-4E40-B30E-7F22D6216466}.Debug|Any CPU.ActiveCfg = Debug|Any CPU
		{58CC422F-AB6C-4E40-B30E-7F22D6216466}.Debug|Any CPU.Build.0 = Debug|Any CPU
		{58CC422F-AB6C-4E40-B30E-7F22D6216466}.Release|Any CPU.ActiveCfg = Release|Any CPU
		{58CC422F-AB6C-4E40-B30E-7F22D6216466}.Release|Any CPU.Build.0 = Release|Any CPU
		{4335A713-BDEA-44C4-800A-2D2B18E1C40F}.Debug|Any CPU.ActiveCfg = Debug|Any CPU
		{4335A713-BDEA-44C4-800A-2D2B18E1C40F}.Debug|Any CPU.Build.0 = Debug|Any CPU
		{4335A713-BDEA-44C4-800A-2D2B18E1C40F}.Release|Any CPU.ActiveCfg = Release|Any CPU
		{4335A713-BDEA-44C4-800A-2D2B18E1C40F}.Release|Any CPU.Build.0 = Release|Any CPU
		{65761765-86F6-4B49-8DC6-2BD94DCEDCB5}.Debug|Any CPU.ActiveCfg = Debug|Any CPU
		{65761765-86F6-4B49-8DC6-2BD94DCEDCB5}.Debug|Any CPU.Build.0 = Debug|Any CPU
		{65761765-86F6-4B49-8DC6-2BD94DCEDCB5}.Release|Any CPU.ActiveCfg = Release|Any CPU
		{65761765-86F6-4B49-8DC6-2BD94DCEDCB5}.Release|Any CPU.Build.0 = Release|Any CPU
		{B4E92DE8-6C42-4295-8D5F-205211AB4AF3}.Debug|Any CPU.ActiveCfg = Debug|Any CPU
		{B4E92DE8-6C42-4295-8D5F-205211AB4AF3}.Debug|Any CPU.Build.0 = Debug|Any CPU
		{B4E92DE8-6C42-4295-8D5F-205211AB4AF3}.Release|Any CPU.ActiveCfg = Release|Any CPU
		{B4E92DE8-6C42-4295-8D5F-205211AB4AF3}.Release|Any CPU.Build.0 = Release|Any CPU
	EndGlobalSection
	GlobalSection(SolutionProperties) = preSolution
		HideSolutionNode = FALSE
	EndGlobalSection
	GlobalSection(NestedProjects) = preSolution
		{C11AA6B4-E4FA-47E5-95DB-016A09BEFF20} = {EDE5B9D9-31B6-4192-A9D7-F0C48EEEBAE7}
		{58CC422F-AB6C-4E40-B30E-7F22D6216466} = {EDE5B9D9-31B6-4192-A9D7-F0C48EEEBAE7}
		{4335A713-BDEA-44C4-800A-2D2B18E1C40F} = {493B633E-3036-4A2A-9673-063B83F47BE7}
		{65761765-86F6-4B49-8DC6-2BD94DCEDCB5} = {493B633E-3036-4A2A-9673-063B83F47BE7}
		{B4E92DE8-6C42-4295-8D5F-205211AB4AF3} = {493B633E-3036-4A2A-9673-063B83F47BE7}
	EndGlobalSection
EndGlobal
